
Microsoft Visual Studio Solution File, Format Version 12.00
# Visual Studio 2012
Project("{FAE04EC0-301F-11D3-BF4B-00C04F79EFBC}") = "Fractions", "Fractions\Fractions.csproj", "{3D89E0AD-35F0-43A1-B14C-F4CD67552E2E}"
EndProject
Global
	GlobalSection(SolutionConfigurationPlatforms) = preSolution
		Debug|Any CPU = Debug|Any CPU
		Release|Any CPU = Release|Any CPU
	EndGlobalSection
	GlobalSection(ProjectConfigurationPlatforms) = postSolution
		{3D89E0AD-35F0-43A1-B14C-F4CD67552E2E}.Debug|Any CPU.ActiveCfg = Debug|Any CPU
		{3D89E0AD-35F0-43A1-B14C-F4CD67552E2E}.Debug|Any CPU.Build.0 = Debug|Any CPU
		{3D89E0AD-35F0-43A1-B14C-F4CD67552E2E}.Release|Any CPU.ActiveCfg = Release|Any CPU
		{3D89E0AD-35F0-43A1-B14C-F4CD67552E2E}.Release|Any CPU.Build.0 = Release|Any CPU
	EndGlobalSection
	GlobalSection(SolutionProperties) = preSolution
		HideSolutionNode = FALSE
	EndGlobalSection
EndGlobal
